
Microsoft Visual Studio Solution File, Format Version 12.00
# Visual Studio 2013
VisualStudioVersion = 12.0.31101.0
MinimumVisualStudioVersion = 10.0.40219.1
Project("{FAE04EC0-301F-11D3-BF4B-00C04F79EFBC}") = "AgentHub.Repository", "AgentHub.Repository\AgentHub.Repository\AgentHub.Repository.csproj", "{BBBE2908-3472-4C4A-BF4D-2B9A94B7A07A}"
EndProject
Project("{FAE04EC0-301F-11D3-BF4B-00C04F79EFBC}") = "AgentHub.Entities", "AgentHub.Entities\AgentHub.Entities.csproj", "{2CB65F9F-3064-4C01-9ACC-EAE5A23FBDAA}"
EndProject
Project("{FAE04EC0-301F-11D3-BF4B-00C04F79EFBC}") = "AgentHub.Service", "AgentHub.Service\AgentHub.Service.csproj", "{630A1109-BBAC-4AAE-A8CA-E35ECB7D663A}"
EndProject
Project("{FAE04EC0-301F-11D3-BF4B-00C04F79EFBC}") = "AgentHub.Web", "AgentHub.Web\AgentHub.Web.csproj", "{D7ED0995-4159-4FE0-AB80-14E7B9790E5F}"
EndProject
Project("{2150E333-8FDC-42A3-9474-1A3956D46DE8}") = ".nuget", ".nuget", "{CE4F8B19-C219-4B15-8E4E-610388140CF6}"
	ProjectSection(SolutionItems) = preProject
		.nuget\NuGet.Config = .nuget\NuGet.Config
		.nuget\NuGet.exe = .nuget\NuGet.exe
		.nuget\NuGet.targets = .nuget\NuGet.targets
	EndProjectSection
EndProject
Global
	GlobalSection(TeamFoundationVersionControl) = preSolution
		SccNumberOfProjects = 5
		SccEnterpriseProvider = {4CA58AB2-18FA-4F8D-95D4-32DDF27D184C}
		SccTeamFoundationServer = https://enterpriselab.visualstudio.com/
		SccLocalPath0 = .
		SccProjectUniqueName1 = AgentHub.Entities\\AgentHub.Entities.csproj
		SccProjectName1 = AgentHub.Entities
		SccLocalPath1 = AgentHub.Entities
		SccProjectUniqueName2 = AgentHub.Repository\\AgentHub.Repository\\AgentHub.Repository.csproj
		SccProjectName2 = AgentHub.Repository/AgentHub.Repository
		SccLocalPath2 = AgentHub.Repository\\AgentHub.Repository
		SccProjectUniqueName3 = AgentHub.Service\\AgentHub.Service.csproj
		SccProjectName3 = AgentHub.Service
		SccLocalPath3 = AgentHub.Service
		SccProjectUniqueName4 = AgentHub.Web\\AgentHub.Web.csproj
		SccProjectName4 = AgentHub.Web
		SccLocalPath4 = AgentHub.Web
	EndGlobalSection
	GlobalSection(SolutionConfigurationPlatforms) = preSolution
		Debug|Any CPU = Debug|Any CPU
		Release|Any CPU = Release|Any CPU
	EndGlobalSection
	GlobalSection(ProjectConfigurationPlatforms) = postSolution
		{BBBE2908-3472-4C4A-BF4D-2B9A94B7A07A}.Debug|Any CPU.ActiveCfg = Debug|Any CPU
		{BBBE2908-3472-4C4A-BF4D-2B9A94B7A07A}.Debug|Any CPU.Build.0 = Debug|Any CPU
		{BBBE2908-3472-4C4A-BF4D-2B9A94B7A07A}.Release|Any CPU.ActiveCfg = Release|Any CPU
		{BBBE2908-3472-4C4A-BF4D-2B9A94B7A07A}.Release|Any CPU.Build.0 = Release|Any CPU
		{2CB65F9F-3064-4C01-9ACC-EAE5A23FBDAA}.Debug|Any CPU.ActiveCfg = Debug|Any CPU
		{2CB65F9F-3064-4C01-9ACC-EAE5A23FBDAA}.Debug|Any CPU.Build.0 = Debug|Any CPU
		{2CB65F9F-3064-4C01-9ACC-EAE5A23FBDAA}.Release|Any CPU.ActiveCfg = Release|Any CPU
		{2CB65F9F-3064-4C01-9ACC-EAE5A23FBDAA}.Release|Any CPU.Build.0 = Release|Any CPU
		{630A1109-BBAC-4AAE-A8CA-E35ECB7D663A}.Debug|Any CPU.ActiveCfg = Debug|Any CPU
		{630A1109-BBAC-4AAE-A8CA-E35ECB7D663A}.Debug|Any CPU.Build.0 = Debug|Any CPU
		{630A1109-BBAC-4AAE-A8CA-E35ECB7D663A}.Release|Any CPU.ActiveCfg = Release|Any CPU
		{630A1109-BBAC-4AAE-A8CA-E35ECB7D663A}.Release|Any CPU.Build.0 = Release|Any CPU
		{D7ED0995-4159-4FE0-AB80-14E7B9790E5F}.Debug|Any CPU.ActiveCfg = Debug|Any CPU
		{D7ED0995-4159-4FE0-AB80-14E7B9790E5F}.Debug|Any CPU.Build.0 = Debug|Any CPU
		{D7ED0995-4159-4FE0-AB80-14E7B9790E5F}.Release|Any CPU.ActiveCfg = Release|Any CPU
		{D7ED0995-4159-4FE0-AB80-14E7B9790E5F}.Release|Any CPU.Build.0 = Release|Any CPU
	EndGlobalSection
	GlobalSection(SolutionProperties) = preSolution
		HideSolutionNode = FALSE
	EndGlobalSection
EndGlobal
